
Microsoft Visual Studio Solution File, Format Version 12.00
# Visual Studio Version 17
VisualStudioVersion = 17.5.33424.131
MinimumVisualStudioVersion = 10.0.40219.1
Project("{9A19103F-16F7-4668-BE54-9A1E7A4F7556}") = "1-OlaMundo", "1-OlaMundo\1-OlaMundo.csproj", "{3916A794-BA9D-4598-BD91-4FD26937C9C9}"
EndProject
Project("{9A19103F-16F7-4668-BE54-9A1E7A4F7556}") = "2-CriandoVariaveis", "2-CriandoVariaveis\2-CriandoVariaveis.csproj", "{6F70D206-7BE2-4F3C-8001-F7057A652668}"
EndProject
Project("{9A19103F-16F7-4668-BE54-9A1E7A4F7556}") = "3-CriandoVariaveisPontoFlutuante", "3-CriandoVariaveisPontoFlutuante\3-CriandoVariaveisPontoFlutuante.csproj", "{215D4ABB-3EF1-4F01-9143-D325EB81D8AB}"
EndProject
Project("{9A19103F-16F7-4668-BE54-9A1E7A4F7556}") = "4-ConversoesDeVariaveis", "4-ConversoesDeVariaveis\4-ConversoesDeVariaveis.csproj", "{C5776A05-AEB3-4298-A85D-F927CE6DCD2C}"
EndProject
Project("{9A19103F-16F7-4668-BE54-9A1E7A4F7556}") = "5-CaracteresETextos", "5-CaracteresETextos\5-CaracteresETextos.csproj", "{36463753-6446-4D3C-9343-C4C39ED7DF2E}"
EndProject
Project("{9A19103F-16F7-4668-BE54-9A1E7A4F7556}") = "6-AtribuicoesDeVariaveis", "6-AtribuicoesDeVariaveis\6-AtribuicoesDeVariaveis.csproj", "{9F8D6D01-0117-48F3-954C-49FC981A4D4D}"
EndProject
Project("{9A19103F-16F7-4668-BE54-9A1E7A4F7556}") = "7-Condicionais", "7-Condicionais\7-Condicionais.csproj", "{EA59373C-5810-4993-915F-8501DFE0B751}"
EndProject
Project("{9A19103F-16F7-4668-BE54-9A1E7A4F7556}") = "8-CondicionasDois", "8-CondicionasDois\8-CondicionasDois.csproj", "{A1F2DC26-6F2E-4616-A557-DABA6E6FA7B1}"
EndProject
Project("{9A19103F-16F7-4668-BE54-9A1E7A4F7556}") = "9-AplicativoDoScopo", "9-AplicativoDoScopo\9-AplicativoDoScopo.csproj", "{DEF77A16-3280-4A7D-9C93-1BED6E463D5C}"
EndProject
Project("{9A19103F-16F7-4668-BE54-9A1E7A4F7556}") = "DesafioModulo5", "DesafioModulo5\DesafioModulo5.csproj", "{79E32B2A-1D5D-4C8C-9063-C5C4BC9BB1B8}"
EndProject
Project("{9A19103F-16F7-4668-BE54-9A1E7A4F7556}") = "MexendoComSwitch", "MexendoComSwitch\MexendoComSwitch.csproj", "{2CB32B08-0AF0-4D6D-A4AA-553EFC2A9767}"
EndProject
Project("{FAE04EC0-301F-11D3-BF4B-00C04F79EFBC}") = "P10-CalculaPoupanca", "P10-CalculaPoupanca\P10-CalculaPoupanca.csproj", "{8E925E30-F1C8-4631-B870-20E3BBFF37BB}"
EndProject
Project("{FAE04EC0-301F-11D3-BF4B-00C04F79EFBC}") = "P11-CalculaPoupanca2", "P11-CalculaPoupanca2\P11-CalculaPoupanca2.csproj", "{BF6D4CD3-9751-49F2-8EA3-154AEF655C40}"
EndProject
Project("{FAE04EC0-301F-11D3-BF4B-00C04F79EFBC}") = "P12-InvestimentoALongoPrazo", "P12-InvestimentoALongoPrazo\P12-InvestimentoALongoPrazo.csproj", "{0688A4D8-FA11-4379-9479-E827C6C4F7C8}"
EndProject
Project("{FAE04EC0-301F-11D3-BF4B-00C04F79EFBC}") = "P13-EncadeandoFor", "P13-EncadeandoFor\P13-EncadeandoFor.csproj", "{E315F633-DE3A-4D70-9071-B1930D26E227}"
EndProject
Project("{FAE04EC0-301F-11D3-BF4B-00C04F79EFBC}") = "TestandoAtividadeBreak", "TestandoAtividadeBreak\TestandoAtividadeBreak.csproj", "{9878E6EB-DBE1-4D19-AE15-FB3D0BA9521A}"
EndProject
Project("{FAE04EC0-301F-11D3-BF4B-00C04F79EFBC}") = "DesafioMultiplo3", "DesafioMultiplo3\DesafioMultiplo3.csproj", "{2E5ACB72-DF2E-4479-BC6B-72F493FA7980}"
EndProject
Project("{FAE04EC0-301F-11D3-BF4B-00C04F79EFBC}") = "DesafioFatorial", "DesafioFatorial\DesafioFatorial.csproj", "{410DA801-A576-4535-8362-752E9AA5AB70}"
EndProject
Global
	GlobalSection(SolutionConfigurationPlatforms) = preSolution
		Debug|Any CPU = Debug|Any CPU
		Release|Any CPU = Release|Any CPU
	EndGlobalSection
	GlobalSection(ProjectConfigurationPlatforms) = postSolution
		{3916A794-BA9D-4598-BD91-4FD26937C9C9}.Debug|Any CPU.ActiveCfg = Debug|Any CPU
		{3916A794-BA9D-4598-BD91-4FD26937C9C9}.Debug|Any CPU.Build.0 = Debug|Any CPU
		{3916A794-BA9D-4598-BD91-4FD26937C9C9}.Release|Any CPU.ActiveCfg = Release|Any CPU
		{3916A794-BA9D-4598-BD91-4FD26937C9C9}.Release|Any CPU.Build.0 = Release|Any CPU
		{6F70D206-7BE2-4F3C-8001-F7057A652668}.Debug|Any CPU.ActiveCfg = Debug|Any CPU
		{6F70D206-7BE2-4F3C-8001-F7057A652668}.Debug|Any CPU.Build.0 = Debug|Any CPU
		{6F70D206-7BE2-4F3C-8001-F7057A652668}.Release|Any CPU.ActiveCfg = Release|Any CPU
		{6F70D206-7BE2-4F3C-8001-F7057A652668}.Release|Any CPU.Build.0 = Release|Any CPU
		{215D4ABB-3EF1-4F01-9143-D325EB81D8AB}.Debug|Any CPU.ActiveCfg = Debug|Any CPU
		{215D4ABB-3EF1-4F01-9143-D325EB81D8AB}.Debug|Any CPU.Build.0 = Debug|Any CPU
		{215D4ABB-3EF1-4F01-9143-D325EB81D8AB}.Release|Any CPU.ActiveCfg = Release|Any CPU
		{215D4ABB-3EF1-4F01-9143-D325EB81D8AB}.Release|Any CPU.Build.0 = Release|Any CPU
		{C5776A05-AEB3-4298-A85D-F927CE6DCD2C}.Debug|Any CPU.ActiveCfg = Debug|Any CPU
		{C5776A05-AEB3-4298-A85D-F927CE6DCD2C}.Debug|Any CPU.Build.0 = Debug|Any CPU
		{C5776A05-AEB3-4298-A85D-F927CE6DCD2C}.Release|Any CPU.ActiveCfg = Release|Any CPU
		{C5776A05-AEB3-4298-A85D-F927CE6DCD2C}.Release|Any CPU.Build.0 = Release|Any CPU
		{36463753-6446-4D3C-9343-C4C39ED7DF2E}.Debug|Any CPU.ActiveCfg = Debug|Any CPU
		{36463753-6446-4D3C-9343-C4C39ED7DF2E}.Debug|Any CPU.Build.0 = Debug|Any CPU
		{36463753-6446-4D3C-9343-C4C39ED7DF2E}.Release|Any CPU.ActiveCfg = Release|Any CPU
		{36463753-6446-4D3C-9343-C4C39ED7DF2E}.Release|Any CPU.Build.0 = Release|Any CPU
		{9F8D6D01-0117-48F3-954C-49FC981A4D4D}.Debug|Any CPU.ActiveCfg = Debug|Any CPU
		{9F8D6D01-0117-48F3-954C-49FC981A4D4D}.Debug|Any CPU.Build.0 = Debug|Any CPU
		{9F8D6D01-0117-48F3-954C-49FC981A4D4D}.Release|Any CPU.ActiveCfg = Release|Any CPU
		{9F8D6D01-0117-48F3-954C-49FC981A4D4D}.Release|Any CPU.Build.0 = Release|Any CPU
		{EA59373C-5810-4993-915F-8501DFE0B751}.Debug|Any CPU.ActiveCfg = Debug|Any CPU
		{EA59373C-5810-4993-915F-8501DFE0B751}.Debug|Any CPU.Build.0 = Debug|Any CPU
		{EA59373C-5810-4993-915F-8501DFE0B751}.Release|Any CPU.ActiveCfg = Release|Any CPU
		{EA59373C-5810-4993-915F-8501DFE0B751}.Release|Any CPU.Build.0 = Release|Any CPU
		{A1F2DC26-6F2E-4616-A557-DABA6E6FA7B1}.Debug|Any CPU.ActiveCfg = Debug|Any CPU
		{A1F2DC26-6F2E-4616-A557-DABA6E6FA7B1}.Debug|Any CPU.Build.0 = Debug|Any CPU
		{A1F2DC26-6F2E-4616-A557-DABA6E6FA7B1}.Release|Any CPU.ActiveCfg = Release|Any CPU
		{A1F2DC26-6F2E-4616-A557-DABA6E6FA7B1}.Release|Any CPU.Build.0 = Release|Any CPU
		{DEF77A16-3280-4A7D-9C93-1BED6E463D5C}.Debug|Any CPU.ActiveCfg = Debug|Any CPU
		{DEF77A16-3280-4A7D-9C93-1BED6E463D5C}.Debug|Any CPU.Build.0 = Debug|Any CPU
		{DEF77A16-3280-4A7D-9C93-1BED6E463D5C}.Release|Any CPU.ActiveCfg = Release|Any CPU
		{DEF77A16-3280-4A7D-9C93-1BED6E463D5C}.Release|Any CPU.Build.0 = Release|Any CPU
		{79E32B2A-1D5D-4C8C-9063-C5C4BC9BB1B8}.Debug|Any CPU.ActiveCfg = Debug|Any CPU
		{79E32B2A-1D5D-4C8C-9063-C5C4BC9BB1B8}.Debug|Any CPU.Build.0 = Debug|Any CPU
		{79E32B2A-1D5D-4C8C-9063-C5C4BC9BB1B8}.Release|Any CPU.ActiveCfg = Release|Any CPU
		{79E32B2A-1D5D-4C8C-9063-C5C4BC9BB1B8}.Release|Any CPU.Build.0 = Release|Any CPU
		{2CB32B08-0AF0-4D6D-A4AA-553EFC2A9767}.Debug|Any CPU.ActiveCfg = Debug|Any CPU
		{2CB32B08-0AF0-4D6D-A4AA-553EFC2A9767}.Debug|Any CPU.Build.0 = Debug|Any CPU
		{2CB32B08-0AF0-4D6D-A4AA-553EFC2A9767}.Release|Any CPU.ActiveCfg = Release|Any CPU
		{2CB32B08-0AF0-4D6D-A4AA-553EFC2A9767}.Release|Any CPU.Build.0 = Release|Any CPU
		{8E925E30-F1C8-4631-B870-20E3BBFF37BB}.Debug|Any CPU.ActiveCfg = Debug|Any CPU
		{8E925E30-F1C8-4631-B870-20E3BBFF37BB}.Debug|Any CPU.Build.0 = Debug|Any CPU
		{8E925E30-F1C8-4631-B870-20E3BBFF37BB}.Release|Any CPU.ActiveCfg = Release|Any CPU
		{8E925E30-F1C8-4631-B870-20E3BBFF37BB}.Release|Any CPU.Build.0 = Release|Any CPU
		{BF6D4CD3-9751-49F2-8EA3-154AEF655C40}.Debug|Any CPU.ActiveCfg = Debug|Any CPU
		{BF6D4CD3-9751-49F2-8EA3-154AEF655C40}.Debug|Any CPU.Build.0 = Debug|Any CPU
		{BF6D4CD3-9751-49F2-8EA3-154AEF655C40}.Release|Any CPU.ActiveCfg = Release|Any CPU
		{BF6D4CD3-9751-49F2-8EA3-154AEF655C40}.Release|Any CPU.Build.0 = Release|Any CPU
		{0688A4D8-FA11-4379-9479-E827C6C4F7C8}.Debug|Any CPU.ActiveCfg = Debug|Any CPU
		{0688A4D8-FA11-4379-9479-E827C6C4F7C8}.Debug|Any CPU.Build.0 = Debug|Any CPU
		{0688A4D8-FA11-4379-9479-E827C6C4F7C8}.Release|Any CPU.ActiveCfg = Release|Any CPU
		{0688A4D8-FA11-4379-9479-E827C6C4F7C8}.Release|Any CPU.Build.0 = Release|Any CPU
		{E315F633-DE3A-4D70-9071-B1930D26E227}.Debug|Any CPU.ActiveCfg = Debug|Any CPU
		{E315F633-DE3A-4D70-9071-B1930D26E227}.Debug|Any CPU.Build.0 = Debug|Any CPU
		{E315F633-DE3A-4D70-9071-B1930D26E227}.Release|Any CPU.ActiveCfg = Release|Any CPU
		{E315F633-DE3A-4D70-9071-B1930D26E227}.Release|Any CPU.Build.0 = Release|Any CPU
		{9878E6EB-DBE1-4D19-AE15-FB3D0BA9521A}.Debug|Any CPU.ActiveCfg = Debug|Any CPU
		{9878E6EB-DBE1-4D19-AE15-FB3D0BA9521A}.Debug|Any CPU.Build.0 = Debug|Any CPU
		{9878E6EB-DBE1-4D19-AE15-FB3D0BA9521A}.Release|Any CPU.ActiveCfg = Release|Any CPU
		{9878E6EB-DBE1-4D19-AE15-FB3D0BA9521A}.Release|Any CPU.Build.0 = Release|Any CPU
		{2E5ACB72-DF2E-4479-BC6B-72F493FA7980}.Debug|Any CPU.ActiveCfg = Debug|Any CPU
		{2E5ACB72-DF2E-4479-BC6B-72F493FA7980}.Debug|Any CPU.Build.0 = Debug|Any CPU
		{2E5ACB72-DF2E-4479-BC6B-72F493FA7980}.Release|Any CPU.ActiveCfg = Release|Any CPU
		{2E5ACB72-DF2E-4479-BC6B-72F493FA7980}.Release|Any CPU.Build.0 = Release|Any CPU
		{410DA801-A576-4535-8362-752E9AA5AB70}.Debug|Any CPU.ActiveCfg = Debug|Any CPU
		{410DA801-A576-4535-8362-752E9AA5AB70}.Debug|Any CPU.Build.0 = Debug|Any CPU
		{410DA801-A576-4535-8362-752E9AA5AB70}.Release|Any CPU.ActiveCfg = Release|Any CPU
		{410DA801-A576-4535-8362-752E9AA5AB70}.Release|Any CPU.Build.0 = Release|Any CPU
	EndGlobalSection
	GlobalSection(SolutionProperties) = preSolution
		HideSolutionNode = FALSE
	EndGlobalSection
	GlobalSection(ExtensibilityGlobals) = postSolution
		SolutionGuid = {01D8670C-AF38-430D-A89E-4D1B40B07E98}
	EndGlobalSection
EndGlobal
